
Microsoft Visual Studio Solution File, Format Version 12.00
# Visual Studio Version 17
VisualStudioVersion = 17.13.35828.75 d17.13
MinimumVisualStudioVersion = 10.0.40219.1
Project("{FAE04EC0-301F-11D3-BF4B-00C04F79EFBC}") = "Assitente de tarefas", "Assitente de tarefas\Assitente de tarefas.csproj", "{F304A783-0B99-42DD-808E-6B24FA8E9EF4}"
EndProject
Global
	GlobalSection(SolutionConfigurationPlatforms) = preSolution
		Debug|Any CPU = Debug|Any CPU
		Release|Any CPU = Release|Any CPU
	EndGlobalSection
	GlobalSection(ProjectConfigurationPlatforms) = postSolution
		{F304A783-0B99-42DD-808E-6B24FA8E9EF4}.Debug|Any CPU.ActiveCfg = Debug|Any CPU
		{F304A783-0B99-42DD-808E-6B24FA8E9EF4}.Debug|Any CPU.Build.0 = Debug|Any CPU
		{F304A783-0B99-42DD-808E-6B24FA8E9EF4}.Release|Any CPU.ActiveCfg = Release|Any CPU
		{F304A783-0B99-42DD-808E-6B24FA8E9EF4}.Release|Any CPU.Build.0 = Release|Any CPU
	EndGlobalSection
	GlobalSection(SolutionProperties) = preSolution
		HideSolutionNode = FALSE
	EndGlobalSection
	GlobalSection(ExtensibilityGlobals) = postSolution
		SolutionGuid = {ED3C2D51-DF78-4477-A14A-B3925334CA9D}
	EndGlobalSection
EndGlobal
