
Microsoft Visual Studio Solution File, Format Version 12.00
# Visual Studio Version 17
VisualStudioVersion = 17.13.35828.75 d17.13
MinimumVisualStudioVersion = 10.0.40219.1
Project("{FAE04EC0-301F-11D3-BF4B-00C04F79EFBC}") = "Aula_04_POO_Heranca", "Aula_04_POO_Heranca\Aula_04_POO_Heranca.csproj", "{B9FCD7A5-3A6A-471C-9489-975499519567}"
EndProject
Global
	GlobalSection(SolutionConfigurationPlatforms) = preSolution
		Debug|Any CPU = Debug|Any CPU
		Release|Any CPU = Release|Any CPU
	EndGlobalSection
	GlobalSection(ProjectConfigurationPlatforms) = postSolution
		{B9FCD7A5-3A6A-471C-9489-975499519567}.Debug|Any CPU.ActiveCfg = Debug|Any CPU
		{B9FCD7A5-3A6A-471C-9489-975499519567}.Debug|Any CPU.Build.0 = Debug|Any CPU
		{B9FCD7A5-3A6A-471C-9489-975499519567}.Release|Any CPU.ActiveCfg = Release|Any CPU
		{B9FCD7A5-3A6A-471C-9489-975499519567}.Release|Any CPU.Build.0 = Release|Any CPU
	EndGlobalSection
	GlobalSection(SolutionProperties) = preSolution
		HideSolutionNode = FALSE
	EndGlobalSection
	GlobalSection(ExtensibilityGlobals) = postSolution
		SolutionGuid = {8385E902-584D-4717-A785-D88920E3E3AA}
	EndGlobalSection
EndGlobal
